// !$*UTF8*$!
{
	archiveVersion = 1;
	classes = {
	};
	objectVersion = 77;
	objects = {

/* Begin PBXContainerItemProxy section */
		DA4CEF422D050EDF00A6E169 /* PBXContainerItemProxy */ = {
			isa = PBXContainerItemProxy;
			containerPortal = DA4CEF262D050EDD00A6E169 /* Project object */;
			proxyType = 1;
			remoteGlobalIDString = DA4CEF2D2D050EDD00A6E169;
			remoteInfo = SevenZipGui;
		};
		DA4CEF4C2D050EDF00A6E169 /* PBXContainerItemProxy */ = {
			isa = PBXContainerItemProxy;
			containerPortal = DA4CEF262D050EDD00A6E169 /* Project object */;
			proxyType = 1;
			remoteGlobalIDString = DA4CEF2D2D050EDD00A6E169;
			remoteInfo = SevenZipGui;
		};
/* End PBXContainerItemProxy section */

/* Begin PBXFileReference section */
		DA4CEF2E2D050EDD00A6E169 /* SevenZipGui.app */ = {isa = PBXFileReference; explicitFileType = wrapper.application; includeInIndex = 0; path = SevenZipGui.app; sourceTree = BUILT_PRODUCTS_DIR; };
		DA4CEF412D050EDF00A6E169 /* SevenZipGuiTests.xctest */ = {isa = PBXFileReference; explicitFileType = wrapper.cfbundle; includeInIndex = 0; path = SevenZipGuiTests.xctest; sourceTree = BUILT_PRODUCTS_DIR; };
		DA4CEF4B2D050EDF00A6E169 /* SevenZipGuiUITests.xctest */ = {isa = PBXFileReference; explicitFileType = wrapper.cfbundle; includeInIndex = 0; path = SevenZipGuiUITests.xctest; sourceTree = BUILT_PRODUCTS_DIR; };
/* End PBXFileReference section */

/* Begin PBXFileSystemSynchronizedRootGroup section */
		DA4CEF302D050EDD00A6E169 /* SevenZipGui */ = {
			isa = PBXFileSystemSynchronizedRootGroup;
			path = SevenZipGui;
			sourceTree = "<group>";
		};
		DA4CEF442D050EDF00A6E169 /* SevenZipGuiTests */ = {
			isa = PBXFileSystemSynchronizedRootGroup;
			path = SevenZipGuiTests;
			sourceTree = "<group>";
		};
		DA4CEF4E2D050EDF00A6E169 /* SevenZipGuiUITests */ = {
			isa = PBXFileSystemSynchronizedRootGroup;
			path = SevenZipGuiUITests;
			sourceTree = "<group>";
		};
		DA4CEF5F2D0511BF00A6E169 /* SevenZipNative */ = {
			isa = PBXFileSystemSynchronizedRootGroup;
			path = SevenZipNative;
			sourceTree = "<group>";
		};
/* End PBXFileSystemSynchronizedRootGroup section */

/* Begin PBXFrameworksBuildPhase section */
		DA4CEF2B2D050EDD00A6E169 /* Frameworks */ = {
			isa = PBXFrameworksBuildPhase;
			buildActionMask = 2147483647;
			files = (
			);
			runOnlyForDeploymentPostprocessing = 0;
		};
		DA4CEF3E2D050EDF00A6E169 /* Frameworks */ = {
			isa = PBXFrameworksBuildPhase;
			buildActionMask = 2147483647;
			files = (
			);
			runOnlyForDeploymentPostprocessing = 0;
		};
		DA4CEF482D050EDF00A6E169 /* Frameworks */ = {
			isa = PBXFrameworksBuildPhase;
			buildActionMask = 2147483647;
			files = (
			);
			runOnlyForDeploymentPostprocessing = 0;
		};
/* End PBXFrameworksBuildPhase section */

/* Begin PBXGroup section */
		DA4CEF252D050EDD00A6E169 = {
			isa = PBXGroup;
			children = (
				DA4CEF5F2D0511BF00A6E169 /* SevenZipNative */,
				DA4CEF302D050EDD00A6E169 /* SevenZipGui */,
				DA4CEF442D050EDF00A6E169 /* SevenZipGuiTests */,
				DA4CEF4E2D050EDF00A6E169 /* SevenZipGuiUITests */,
				DA4CEF2F2D050EDD00A6E169 /* Products */,
			);
			sourceTree = "<group>";
		};
		DA4CEF2F2D050EDD00A6E169 /* Products */ = {
			isa = PBXGroup;
			children = (
				DA4CEF2E2D050EDD00A6E169 /* SevenZipGui.app */,
				DA4CEF412D050EDF00A6E169 /* SevenZipGuiTests.xctest */,
				DA4CEF4B2D050EDF00A6E169 /* SevenZipGuiUITests.xctest */,
			);
			name = Products;
			sourceTree = "<group>";
		};
/* End PBXGroup section */

/* Begin PBXNativeTarget section */
		DA4CEF2D2D050EDD00A6E169 /* SevenZipGui */ = {
			isa = PBXNativeTarget;
			buildConfigurationList = DA4CEF552D050EDF00A6E169 /* Build configuration list for PBXNativeTarget "SevenZipGui" */;
			buildPhases = (
				DA4CEF2A2D050EDD00A6E169 /* Sources */,
				DA4CEF2B2D050EDD00A6E169 /* Frameworks */,
				DA4CEF2C2D050EDD00A6E169 /* Resources */,
			);
			buildRules = (
			);
			dependencies = (
			);
			fileSystemSynchronizedGroups = (
				DA4CEF302D050EDD00A6E169 /* SevenZipGui */,
				DA4CEF5F2D0511BF00A6E169 /* SevenZipNative */,
			);
			name = SevenZipGui;
			packageProductDependencies = (
			);
			productName = SevenZipGui;
			productReference = DA4CEF2E2D050EDD00A6E169 /* SevenZipGui.app */;
			productType = "com.apple.product-type.application";
		};
		DA4CEF402D050EDF00A6E169 /* SevenZipGuiTests */ = {
			isa = PBXNativeTarget;
			buildConfigurationList = DA4CEF582D050EDF00A6E169 /* Build configuration list for PBXNativeTarget "SevenZipGuiTests" */;
			buildPhases = (
				DA4CEF3D2D050EDF00A6E169 /* Sources */,
				DA4CEF3E2D050EDF00A6E169 /* Frameworks */,
				DA4CEF3F2D050EDF00A6E169 /* Resources */,
			);
			buildRules = (
			);
			dependencies = (
				DA4CEF432D050EDF00A6E169 /* PBXTargetDependency */,
			);
			fileSystemSynchronizedGroups = (
				DA4CEF442D050EDF00A6E169 /* SevenZipGuiTests */,
			);
			name = SevenZipGuiTests;
			packageProductDependencies = (
			);
			productName = SevenZipGuiTests;
			productReference = DA4CEF412D050EDF00A6E169 /* SevenZipGuiTests.xctest */;
			productType = "com.apple.product-type.bundle.unit-test";
		};
		DA4CEF4A2D050EDF00A6E169 /* SevenZipGuiUITests */ = {
			isa = PBXNativeTarget;
			buildConfigurationList = DA4CEF5B2D050EDF00A6E169 /* Build configuration list for PBXNativeTarget "SevenZipGuiUITests" */;
			buildPhases = (
				DA4CEF472D050EDF00A6E169 /* Sources */,
				DA4CEF482D050EDF00A6E169 /* Frameworks */,
				DA4CEF492D050EDF00A6E169 /* Resources */,
			);
			buildRules = (
			);
			dependencies = (
				DA4CEF4D2D050EDF00A6E169 /* PBXTargetDependency */,
			);
			fileSystemSynchronizedGroups = (
				DA4CEF4E2D050EDF00A6E169 /* SevenZipGuiUITests */,
			);
			name = SevenZipGuiUITests;
			packageProductDependencies = (
			);
			productName = SevenZipGuiUITests;
			productReference = DA4CEF4B2D050EDF00A6E169 /* SevenZipGuiUITests.xctest */;
			productType = "com.apple.product-type.bundle.ui-testing";
		};
/* End PBXNativeTarget section */

/* Begin PBXProject section */
		DA4CEF262D050EDD00A6E169 /* Project object */ = {
			isa = PBXProject;
			attributes = {
				BuildIndependentTargetsInParallel = 1;
				LastSwiftUpdateCheck = 1610;
				LastUpgradeCheck = 1610;
				TargetAttributes = {
					DA4CEF2D2D050EDD00A6E169 = {
						CreatedOnToolsVersion = 16.1;
					};
					DA4CEF402D050EDF00A6E169 = {
						CreatedOnToolsVersion = 16.1;
						TestTargetID = DA4CEF2D2D050EDD00A6E169;
					};
					DA4CEF4A2D050EDF00A6E169 = {
						CreatedOnToolsVersion = 16.1;
						TestTargetID = DA4CEF2D2D050EDD00A6E169;
					};
				};
			};
			buildConfigurationList = DA4CEF292D050EDD00A6E169 /* Build configuration list for PBXProject "SevenZipGui" */;
			developmentRegion = en;
			hasScannedForEncodings = 0;
			knownRegions = (
				en,
				Base,
			);
			mainGroup = DA4CEF252D050EDD00A6E169;
			minimizedProjectReferenceProxies = 1;
			preferredProjectObjectVersion = 77;
			productRefGroup = DA4CEF2F2D050EDD00A6E169 /* Products */;
			projectDirPath = "";
			projectRoot = "";
			targets = (
				DA4CEF2D2D050EDD00A6E169 /* SevenZipGui */,
				DA4CEF402D050EDF00A6E169 /* SevenZipGuiTests */,
				DA4CEF4A2D050EDF00A6E169 /* SevenZipGuiUITests */,
			);
		};
/* End PBXProject section */

/* Begin PBXResourcesBuildPhase section */
		DA4CEF2C2D050EDD00A6E169 /* Resources */ = {
			isa = PBXResourcesBuildPhase;
			buildActionMask = 2147483647;
			files = (
			);
			runOnlyForDeploymentPostprocessing = 0;
		};
		DA4CEF3F2D050EDF00A6E169 /* Resources */ = {
			isa = PBXResourcesBuildPhase;
			buildActionMask = 2147483647;
			files = (
			);
			runOnlyForDeploymentPostprocessing = 0;
		};
		DA4CEF492D050EDF00A6E169 /* Resources */ = {
			isa = PBXResourcesBuildPhase;
			buildActionMask = 2147483647;
			files = (
			);
			runOnlyForDeploymentPostprocessing = 0;
		};
/* End PBXResourcesBuildPhase section */

/* Begin PBXSourcesBuildPhase section */
		DA4CEF2A2D050EDD00A6E169 /* Sources */ = {
			isa = PBXSourcesBuildPhase;
			buildActionMask = 2147483647;
			files = (
			);
			runOnlyForDeploymentPostprocessing = 0;
		};
		DA4CEF3D2D050EDF00A6E169 /* Sources */ = {
			isa = PBXSourcesBuildPhase;
			buildActionMask = 2147483647;
			files = (
			);
			runOnlyForDeploymentPostprocessing = 0;
		};
		DA4CEF472D050EDF00A6E169 /* Sources */ = {
			isa = PBXSourcesBuildPhase;
			buildActionMask = 2147483647;
			files = (
			);
			runOnlyForDeploymentPostprocessing = 0;
		};
/* End PBXSourcesBuildPhase section */

/* Begin PBXTargetDependency section */
		DA4CEF432D050EDF00A6E169 /* PBXTargetDependency */ = {
			isa = PBXTargetDependency;
			target = DA4CEF2D2D050EDD00A6E169 /* SevenZipGui */;
			targetProxy = DA4CEF422D050EDF00A6E169 /* PBXContainerItemProxy */;
		};
		DA4CEF4D2D050EDF00A6E169 /* PBXTargetDependency */ = {
			isa = PBXTargetDependency;
			target = DA4CEF2D2D050EDD00A6E169 /* SevenZipGui */;
			targetProxy = DA4CEF4C2D050EDF00A6E169 /* PBXContainerItemProxy */;
		};
/* End PBXTargetDependency section */

/* Begin XCBuildConfiguration section */
		DA4CEF532D050EDF00A6E169 /* Debug */ = {
			isa = XCBuildConfiguration;
			buildSettings = {
				ALWAYS_SEARCH_USER_PATHS = NO;
				ASSETCATALOG_COMPILER_GENERATE_SWIFT_ASSET_SYMBOL_EXTENSIONS = YES;
				CLANG_ANALYZER_NONNULL = YES;
				CLANG_ANALYZER_NUMBER_OBJECT_CONVERSION = YES_AGGRESSIVE;
				CLANG_CXX_LANGUAGE_STANDARD = "gnu++20";
				CLANG_ENABLE_MODULES = YES;
				CLANG_ENABLE_OBJC_ARC = YES;
				CLANG_ENABLE_OBJC_WEAK = YES;
				CLANG_WARN_BLOCK_CAPTURE_AUTORELEASING = YES;
				CLANG_WARN_BOOL_CONVERSION = YES;
				CLANG_WARN_COMMA = YES;
				CLANG_WARN_CONSTANT_CONVERSION = YES;
				CLANG_WARN_DEPRECATED_OBJC_IMPLEMENTATIONS = YES;
				CLANG_WARN_DIRECT_OBJC_ISA_USAGE = YES_ERROR;
				CLANG_WARN_DOCUMENTATION_COMMENTS = YES;
				CLANG_WARN_EMPTY_BODY = YES;
				CLANG_WARN_ENUM_CONVERSION = YES;
				CLANG_WARN_INFINITE_RECURSION = YES;
				CLANG_WARN_INT_CONVERSION = YES;
				CLANG_WARN_NON_LITERAL_NULL_CONVERSION = YES;
				CLANG_WARN_OBJC_IMPLICIT_RETAIN_SELF = YES;
				CLANG_WARN_OBJC_LITERAL_CONVERSION = YES;
				CLANG_WARN_OBJC_ROOT_CLASS = YES_ERROR;
				CLANG_WARN_QUOTED_INCLUDE_IN_FRAMEWORK_HEADER = YES;
				CLANG_WARN_RANGE_LOOP_ANALYSIS = YES;
				CLANG_WARN_STRICT_PROTOTYPES = YES;
				CLANG_WARN_SUSPICIOUS_MOVE = YES;
				CLANG_WARN_UNGUARDED_AVAILABILITY = YES_AGGRESSIVE;
				CLANG_WARN_UNREACHABLE_CODE = YES;
				CLANG_WARN__DUPLICATE_METHOD_MATCH = YES;
				COPY_PHASE_STRIP = NO;
				DEBUG_INFORMATION_FORMAT = dwarf;
				ENABLE_STRICT_OBJC_MSGSEND = YES;
				ENABLE_TESTABILITY = YES;
				ENABLE_USER_SCRIPT_SANDBOXING = YES;
				GCC_C_LANGUAGE_STANDARD = gnu17;
				GCC_DYNAMIC_NO_PIC = NO;
				GCC_NO_COMMON_BLOCKS = YES;
				GCC_OPTIMIZATION_LEVEL = 0;
				GCC_PREPROCESSOR_DEFINITIONS = (
					"DEBUG=1",
					"$(inherited)",
				);
				GCC_WARN_64_TO_32_BIT_CONVERSION = YES;
				GCC_WARN_ABOUT_RETURN_TYPE = YES_ERROR;
				GCC_WARN_UNDECLARED_SELECTOR = YES;
				GCC_WARN_UNINITIALIZED_AUTOS = YES_AGGRESSIVE;
				GCC_WARN_UNUSED_FUNCTION = YES;
				GCC_WARN_UNUSED_VARIABLE = YES;
				LOCALIZATION_PREFERS_STRING_CATALOGS = YES;
				MACOSX_DEPLOYMENT_TARGET = 15.1;
				MTL_ENABLE_DEBUG_INFO = INCLUDE_SOURCE;
				MTL_FAST_MATH = YES;
				ONLY_ACTIVE_ARCH = YES;
				SDKROOT = macosx;
				SWIFT_ACTIVE_COMPILATION_CONDITIONS = "DEBUG $(inherited)";
				SWIFT_OPTIMIZATION_LEVEL = "-Onone";
			};
			name = Debug;
		};
		DA4CEF542D050EDF00A6E169 /* Release */ = {
			isa = XCBuildConfiguration;
			buildSettings = {
				ALWAYS_SEARCH_USER_PATHS = NO;
				ASSETCATALOG_COMPILER_GENERATE_SWIFT_ASSET_SYMBOL_EXTENSIONS = YES;
				CLANG_ANALYZER_NONNULL = YES;
				CLANG_ANALYZER_NUMBER_OBJECT_CONVERSION = YES_AGGRESSIVE;
				CLANG_CXX_LANGUAGE_STANDARD = "gnu++20";
				CLANG_ENABLE_MODULES = YES;
				CLANG_ENABLE_OBJC_ARC = YES;
				CLANG_ENABLE_OBJC_WEAK = YES;
				CLANG_WARN_BLOCK_CAPTURE_AUTORELEASING = YES;
				CLANG_WARN_BOOL_CONVERSION = YES;
				CLANG_WARN_COMMA = YES;
				CLANG_WARN_CONSTANT_CONVERSION = YES;
				CLANG_WARN_DEPRECATED_OBJC_IMPLEMENTATIONS = YES;
				CLANG_WARN_DIRECT_OBJC_ISA_USAGE = YES_ERROR;
				CLANG_WARN_DOCUMENTATION_COMMENTS = YES;
				CLANG_WARN_EMPTY_BODY = YES;
				CLANG_WARN_ENUM_CONVERSION = YES;
				CLANG_WARN_INFINITE_RECURSION = YES;
				CLANG_WARN_INT_CONVERSION = YES;
				CLANG_WARN_NON_LITERAL_NULL_CONVERSION = YES;
				CLANG_WARN_OBJC_IMPLICIT_RETAIN_SELF = YES;
				CLANG_WARN_OBJC_LITERAL_CONVERSION = YES;
				CLANG_WARN_OBJC_ROOT_CLASS = YES_ERROR;
				CLANG_WARN_QUOTED_INCLUDE_IN_FRAMEWORK_HEADER = YES;
				CLANG_WARN_RANGE_LOOP_ANALYSIS = YES;
				CLANG_WARN_STRICT_PROTOTYPES = YES;
				CLANG_WARN_SUSPICIOUS_MOVE = YES;
				CLANG_WARN_UNGUARDED_AVAILABILITY = YES_AGGRESSIVE;
				CLANG_WARN_UNREACHABLE_CODE = YES;
				CLANG_WARN__DUPLICATE_METHOD_MATCH = YES;
				COPY_PHASE_STRIP = NO;
				DEBUG_INFORMATION_FORMAT = "dwarf-with-dsym";
				ENABLE_NS_ASSERTIONS = NO;
				ENABLE_STRICT_OBJC_MSGSEND = YES;
				ENABLE_USER_SCRIPT_SANDBOXING = YES;
				GCC_C_LANGUAGE_STANDARD = gnu17;
				GCC_NO_COMMON_BLOCKS = YES;
				GCC_WARN_64_TO_32_BIT_CONVERSION = YES;
				GCC_WARN_ABOUT_RETURN_TYPE = YES_ERROR;
				GCC_WARN_UNDECLARED_SELECTOR = YES;
				GCC_WARN_UNINITIALIZED_AUTOS = YES_AGGRESSIVE;
				GCC_WARN_UNUSED_FUNCTION = YES;
				GCC_WARN_UNUSED_VARIABLE = YES;
				LOCALIZATION_PREFERS_STRING_CATALOGS = YES;
				MACOSX_DEPLOYMENT_TARGET = 15.1;
				MTL_ENABLE_DEBUG_INFO = NO;
				MTL_FAST_MATH = YES;
				SDKROOT = macosx;
				SWIFT_COMPILATION_MODE = wholemodule;
			};
			name = Release;
		};
		DA4CEF562D050EDF00A6E169 /* Debug */ = {
			isa = XCBuildConfiguration;
			buildSettings = {
				ASSETCATALOG_COMPILER_APPICON_NAME = AppIcon;
				ASSETCATALOG_COMPILER_GLOBAL_ACCENT_COLOR_NAME = AccentColor;
				CODE_SIGN_ENTITLEMENTS = SevenZipGui/SevenZipGui.entitlements;
				CODE_SIGN_STYLE = Automatic;
				COMBINE_HIDPI_IMAGES = YES;
				CURRENT_PROJECT_VERSION = 1;
				DEVELOPMENT_ASSET_PATHS = "\"SevenZipGui/Preview Content\"";
				DEVELOPMENT_TEAM = DBBQ9P8JRE;
				ENABLE_HARDENED_RUNTIME = YES;
				ENABLE_PREVIEWS = YES;
				GENERATE_INFOPLIST_FILE = YES;
				INFOPLIST_KEY_NSHumanReadableCopyright = "";
				LD_RUNPATH_SEARCH_PATHS = (
					"$(inherited)",
					"@executable_path/../Frameworks",
				);
				MACOSX_DEPLOYMENT_TARGET = 14.0;
				MARKETING_VERSION = 1.0;
				PRODUCT_BUNDLE_IDENTIFIER = com.JakeLee.SevenZipGui;
				PRODUCT_NAME = "$(TARGET_NAME)";
				SWIFT_EMIT_LOC_STRINGS = YES;
				SWIFT_VERSION = 5.0;
			};
			name = Debug;
		};
		DA4CEF572D050EDF00A6E169 /* Release */ = {
			isa = XCBuildConfiguration;
			buildSettings = {
				ASSETCATALOG_COMPILER_APPICON_NAME = AppIcon;
				ASSETCATALOG_COMPILER_GLOBAL_ACCENT_COLOR_NAME = AccentColor;
				CODE_SIGN_ENTITLEMENTS = SevenZipGui/SevenZipGui.entitlements;
				CODE_SIGN_STYLE = Automatic;
				COMBINE_HIDPI_IMAGES = YES;
				CURRENT_PROJECT_VERSION = 1;
				DEVELOPMENT_ASSET_PATHS = "\"SevenZipGui/Preview Content\"";
				DEVELOPMENT_TEAM = DBBQ9P8JRE;
				ENABLE_HARDENED_RUNTIME = YES;
				ENABLE_PREVIEWS = YES;
				GENERATE_INFOPLIST_FILE = YES;
				INFOPLIST_KEY_NSHumanReadableCopyright = "";
				LD_RUNPATH_SEARCH_PATHS = (
					"$(inherited)",
					"@executable_path/../Frameworks",
				);
				MACOSX_DEPLOYMENT_TARGET = 14.0;
				MARKETING_VERSION = 1.0;
				PRODUCT_BUNDLE_IDENTIFIER = com.JakeLee.SevenZipGui;
				PRODUCT_NAME = "$(TARGET_NAME)";
				SWIFT_EMIT_LOC_STRINGS = YES;
				SWIFT_VERSION = 5.0;
			};
			name = Release;
		};
		DA4CEF592D050EDF00A6E169 /* Debug */ = {
			isa = XCBuildConfiguration;
			buildSettings = {
				BUNDLE_LOADER = "$(TEST_HOST)";
				CODE_SIGN_STYLE = Automatic;
				CURRENT_PROJECT_VERSION = 1;
				DEVELOPMENT_TEAM = DBBQ9P8JRE;
				GENERATE_INFOPLIST_FILE = YES;
				MACOSX_DEPLOYMENT_TARGET = 14.0;
				MARKETING_VERSION = 1.0;
				PRODUCT_BUNDLE_IDENTIFIER = com.JakeLee.SevenZipGuiTests;
				PRODUCT_NAME = "$(TARGET_NAME)";
				SWIFT_EMIT_LOC_STRINGS = NO;
				SWIFT_VERSION = 5.0;
				TEST_HOST = "$(BUILT_PRODUCTS_DIR)/SevenZipGui.app/$(BUNDLE_EXECUTABLE_FOLDER_PATH)/SevenZipGui";
			};
			name = Debug;
		};
		DA4CEF5A2D050EDF00A6E169 /* Release */ = {
			isa = XCBuildConfiguration;
			buildSettings = {
				BUNDLE_LOADER = "$(TEST_HOST)";
				CODE_SIGN_STYLE = Automatic;
				CURRENT_PROJECT_VERSION = 1;
				DEVELOPMENT_TEAM = DBBQ9P8JRE;
				GENERATE_INFOPLIST_FILE = YES;
				MACOSX_DEPLOYMENT_TARGET = 14.0;
				MARKETING_VERSION = 1.0;
				PRODUCT_BUNDLE_IDENTIFIER = com.JakeLee.SevenZipGuiTests;
				PRODUCT_NAME = "$(TARGET_NAME)";
				SWIFT_EMIT_LOC_STRINGS = NO;
				SWIFT_VERSION = 5.0;
				TEST_HOST = "$(BUILT_PRODUCTS_DIR)/SevenZipGui.app/$(BUNDLE_EXECUTABLE_FOLDER_PATH)/SevenZipGui";
			};
			name = Release;
		};
		DA4CEF5C2D050EDF00A6E169 /* Debug */ = {
			isa = XCBuildConfiguration;
			buildSettings = {
				CODE_SIGN_STYLE = Automatic;
				CURRENT_PROJECT_VERSION = 1;
				DEVELOPMENT_TEAM = DBBQ9P8JRE;
				GENERATE_INFOPLIST_FILE = YES;
				MARKETING_VERSION = 1.0;
				PRODUCT_BUNDLE_IDENTIFIER = com.JakeLee.SevenZipGuiUITests;
				PRODUCT_NAME = "$(TARGET_NAME)";
				SWIFT_EMIT_LOC_STRINGS = NO;
				SWIFT_VERSION = 5.0;
				TEST_TARGET_NAME = SevenZipGui;
			};
			name = Debug;
		};
		DA4CEF5D2D050EDF00A6E169 /* Release */ = {
			isa = XCBuildConfiguration;
			buildSettings = {
				CODE_SIGN_STYLE = Automatic;
				CURRENT_PROJECT_VERSION = 1;
				DEVELOPMENT_TEAM = DBBQ9P8JRE;
				GENERATE_INFOPLIST_FILE = YES;
				MARKETING_VERSION = 1.0;
				PRODUCT_BUNDLE_IDENTIFIER = com.JakeLee.SevenZipGuiUITests;
				PRODUCT_NAME = "$(TARGET_NAME)";
				SWIFT_EMIT_LOC_STRINGS = NO;
				SWIFT_VERSION = 5.0;
				TEST_TARGET_NAME = SevenZipGui;
			};
			name = Release;
		};
/* End XCBuildConfiguration section */

/* Begin XCConfigurationList section */
		DA4CEF292D050EDD00A6E169 /* Build configuration list for PBXProject "SevenZipGui" */ = {
			isa = XCConfigurationList;
			buildConfigurations = (
				DA4CEF532D050EDF00A6E169 /* Debug */,
				DA4CEF542D050EDF00A6E169 /* Release */,
			);
			defaultConfigurationIsVisible = 0;
			defaultConfigurationName = Release;
		};
		DA4CEF552D050EDF00A6E169 /* Build configuration list for PBXNativeTarget "SevenZipGui" */ = {
			isa = XCConfigurationList;
			buildConfigurations = (
				DA4CEF562D050EDF00A6E169 /* Debug */,
				DA4CEF572D050EDF00A6E169 /* Release */,
			);
			defaultConfigurationIsVisible = 0;
			defaultConfigurationName = Release;
		};
		DA4CEF582D050EDF00A6E169 /* Build configuration list for PBXNativeTarget "SevenZipGuiTests" */ = {
			isa = XCConfigurationList;
			buildConfigurations = (
				DA4CEF592D050EDF00A6E169 /* Debug */,
				DA4CEF5A2D050EDF00A6E169 /* Release */,
			);
			defaultConfigurationIsVisible = 0;
			defaultConfigurationName = Release;
		};
		DA4CEF5B2D050EDF00A6E169 /* Build configuration list for PBXNativeTarget "SevenZipGuiUITests" */ = {
			isa = XCConfigurationList;
			buildConfigurations = (
				DA4CEF5C2D050EDF00A6E169 /* Debug */,
				DA4CEF5D2D050EDF00A6E169 /* Release */,
			);
			defaultConfigurationIsVisible = 0;
			defaultConfigurationName = Release;
		};
/* End XCConfigurationList section */
	};
	rootObject = DA4CEF262D050EDD00A6E169 /* Project object */;
}
